
Microsoft Visual Studio Solution File, Format Version 12.00
# Visual Studio Version 16
VisualStudioVersion = 16.0.29025.244
MinimumVisualStudioVersion = 10.0.40219.1
Project("{FAE04EC0-301F-11D3-BF4B-00C04F79EFBC}") = "MyMechanic", "MyMechanic\MyMechanic.csproj", "{1E2BF4B9-2C8F-41F4-B364-153AE379CFCF}"
EndProject
Project("{FAE04EC0-301F-11D3-BF4B-00C04F79EFBC}") = "MyMechanic.Domain", "MyMechanic.Domain\MyMechanic.Domain.csproj", "{E3E90841-09FD-4023-B48A-CCC767F29720}"
EndProject
Project("{FAE04EC0-301F-11D3-BF4B-00C04F79EFBC}") = "MyMechanic.DataNHibernate", "MyMechanic.DataNHibernate\MyMechanic.DataNHibernate.csproj", "{CCBFBBC5-956E-4E5D-B443-AB631673EEB7}"
EndProject
Project("{FAE04EC0-301F-11D3-BF4B-00C04F79EFBC}") = "MyMechanic.Business", "MyMechanic.Business\MyMechanic.Business.csproj", "{436C885D-01E3-45CE-A99B-AC131970EDA5}"
EndProject
Project("{FAE04EC0-301F-11D3-BF4B-00C04F79EFBC}") = "MyMechanic.Core", "MyMechanic.Core\MyMechanic.Core.csproj", "{8114E733-26EA-4656-8C5A-6FC11413936E}"
EndProject
Global
	GlobalSection(SolutionConfigurationPlatforms) = preSolution
		Debug|Any CPU = Debug|Any CPU
		Release|Any CPU = Release|Any CPU
	EndGlobalSection
	GlobalSection(ProjectConfigurationPlatforms) = postSolution
		{1E2BF4B9-2C8F-41F4-B364-153AE379CFCF}.Debug|Any CPU.ActiveCfg = Debug|Any CPU
		{1E2BF4B9-2C8F-41F4-B364-153AE379CFCF}.Debug|Any CPU.Build.0 = Debug|Any CPU
		{1E2BF4B9-2C8F-41F4-B364-153AE379CFCF}.Release|Any CPU.ActiveCfg = Release|Any CPU
		{1E2BF4B9-2C8F-41F4-B364-153AE379CFCF}.Release|Any CPU.Build.0 = Release|Any CPU
		{E3E90841-09FD-4023-B48A-CCC767F29720}.Debug|Any CPU.ActiveCfg = Debug|Any CPU
		{E3E90841-09FD-4023-B48A-CCC767F29720}.Debug|Any CPU.Build.0 = Debug|Any CPU
		{E3E90841-09FD-4023-B48A-CCC767F29720}.Release|Any CPU.ActiveCfg = Release|Any CPU
		{E3E90841-09FD-4023-B48A-CCC767F29720}.Release|Any CPU.Build.0 = Release|Any CPU
		{CCBFBBC5-956E-4E5D-B443-AB631673EEB7}.Debug|Any CPU.ActiveCfg = Debug|Any CPU
		{CCBFBBC5-956E-4E5D-B443-AB631673EEB7}.Debug|Any CPU.Build.0 = Debug|Any CPU
		{CCBFBBC5-956E-4E5D-B443-AB631673EEB7}.Release|Any CPU.ActiveCfg = Release|Any CPU
		{CCBFBBC5-956E-4E5D-B443-AB631673EEB7}.Release|Any CPU.Build.0 = Release|Any CPU
		{436C885D-01E3-45CE-A99B-AC131970EDA5}.Debug|Any CPU.ActiveCfg = Debug|Any CPU
		{436C885D-01E3-45CE-A99B-AC131970EDA5}.Debug|Any CPU.Build.0 = Debug|Any CPU
		{436C885D-01E3-45CE-A99B-AC131970EDA5}.Release|Any CPU.ActiveCfg = Release|Any CPU
		{436C885D-01E3-45CE-A99B-AC131970EDA5}.Release|Any CPU.Build.0 = Release|Any CPU
		{8114E733-26EA-4656-8C5A-6FC11413936E}.Debug|Any CPU.ActiveCfg = Debug|Any CPU
		{8114E733-26EA-4656-8C5A-6FC11413936E}.Debug|Any CPU.Build.0 = Debug|Any CPU
		{8114E733-26EA-4656-8C5A-6FC11413936E}.Release|Any CPU.ActiveCfg = Release|Any CPU
		{8114E733-26EA-4656-8C5A-6FC11413936E}.Release|Any CPU.Build.0 = Release|Any CPU
	EndGlobalSection
	GlobalSection(SolutionProperties) = preSolution
		HideSolutionNode = FALSE
	EndGlobalSection
	GlobalSection(ExtensibilityGlobals) = postSolution
		SolutionGuid = {E1A75951-B77A-4BDD-8C3C-6557397EB647}
	EndGlobalSection
EndGlobal
